# THIS IS AN AUTOGENERATED FILE. DO NOT EDIT THIS FILE DIRECTLY.
# yarn lockfile v1


fp-ts@^2.3.1:
  version "2.3.1"
  resolved "https://registry.yarnpkg.com/fp-ts/-/fp-ts-2.3.1.tgz#8068bfcca118227932941101e062134d7ecd9119"
  integrity sha512-KevPBnYt0aaJiuUzmU9YIxjrhC9AgJ8CLtLlXmwArovlNTeYM5NtEoKd86B0wHd7FIbzeE8sNXzCoYIOr7e6Iw==

io-ts@^2.0.1:
  version "2.0.1"
  resolved "https://registry.yarnpkg.com/io-ts/-/io-ts-2.0.1.tgz#1261c12f915c2f48d16393a36966636b48a45aa1"
  integrity sha512-RezD+WcCfW4VkMkEcQWL/Nmy/nqsWTvTYg7oUmTGzglvSSV2P9h2z1PVeREPFf0GWNzruYleAt1XCMQZSg1xxQ==
